
Microsoft Visual Studio Solution File, Format Version 12.00
# Visual Studio 15
Project("{8BC9CEB8-8B4A-11D0-8D11-00A0C91BC942}") = "ALL_BUILD", "ALL_BUILD.vcxproj", "{AC017879-4A24-3081-BB6D-058F01A61B2F}"
	ProjectSection(ProjectDependencies) = postProject
		{E1354DC7-A40A-377C-893B-6591FC0A73FD} = {E1354DC7-A40A-377C-893B-6591FC0A73FD}
		{BFF3F54E-0103-34B6-83AD-4E1F8C096FC9} = {BFF3F54E-0103-34B6-83AD-4E1F8C096FC9}
		{E7280773-13BE-30D5-9C6D-472AC07CB8CA} = {E7280773-13BE-30D5-9C6D-472AC07CB8CA}
		{F44FCD4A-E7BF-34A1-B49D-F079F69721C4} = {F44FCD4A-E7BF-34A1-B49D-F079F69721C4}
		{99FA6D5F-0718-3494-94F6-B2A30B899EC5} = {99FA6D5F-0718-3494-94F6-B2A30B899EC5}
		{0A1C85C1-5EA3-3121-90B4-8BB86AC24774} = {0A1C85C1-5EA3-3121-90B4-8BB86AC24774}
	EndProjectSection
EndProject
Project("{8BC9CEB8-8B4A-11D0-8D11-00A0C91BC942}") = "INSTALL", "INSTALL.vcxproj", "{21993A37-E634-3C10-9C82-44AB47EB0BCF}"
	ProjectSection(ProjectDependencies) = postProject
		{AC017879-4A24-3081-BB6D-058F01A61B2F} = {AC017879-4A24-3081-BB6D-058F01A61B2F}
		{E1354DC7-A40A-377C-893B-6591FC0A73FD} = {E1354DC7-A40A-377C-893B-6591FC0A73FD}
	EndProjectSection
EndProject
Project("{8BC9CEB8-8B4A-11D0-8D11-00A0C91BC942}") = "ZERO_CHECK", "ZERO_CHECK.vcxproj", "{E1354DC7-A40A-377C-893B-6591FC0A73FD}"
	ProjectSection(ProjectDependencies) = postProject
	EndProjectSection
EndProject
Project("{8BC9CEB8-8B4A-11D0-8D11-00A0C91BC942}") = "indelgen", "indelgen.vcxproj", "{BFF3F54E-0103-34B6-83AD-4E1F8C096FC9}"
	ProjectSection(ProjectDependencies) = postProject
		{E1354DC7-A40A-377C-893B-6591FC0A73FD} = {E1354DC7-A40A-377C-893B-6591FC0A73FD}
	EndProjectSection
EndProject
Project("{8BC9CEB8-8B4A-11D0-8D11-00A0C91BC942}") = "indelgen_i1", "indelgen_i1.vcxproj", "{E7280773-13BE-30D5-9C6D-472AC07CB8CA}"
	ProjectSection(ProjectDependencies) = postProject
		{E1354DC7-A40A-377C-893B-6591FC0A73FD} = {E1354DC7-A40A-377C-893B-6591FC0A73FD}
	EndProjectSection
EndProject
Project("{8BC9CEB8-8B4A-11D0-8D11-00A0C91BC942}") = "indelmap", "indelmap.vcxproj", "{F44FCD4A-E7BF-34A1-B49D-F079F69721C4}"
	ProjectSection(ProjectDependencies) = postProject
		{E1354DC7-A40A-377C-893B-6591FC0A73FD} = {E1354DC7-A40A-377C-893B-6591FC0A73FD}
	EndProjectSection
EndProject
Project("{8BC9CEB8-8B4A-11D0-8D11-00A0C91BC942}") = "indelmaptest", "indelmaptest.vcxproj", "{99FA6D5F-0718-3494-94F6-B2A30B899EC5}"
	ProjectSection(ProjectDependencies) = postProject
		{E1354DC7-A40A-377C-893B-6591FC0A73FD} = {E1354DC7-A40A-377C-893B-6591FC0A73FD}
	EndProjectSection
EndProject
Project("{8BC9CEB8-8B4A-11D0-8D11-00A0C91BC942}") = "indelmh", "indelmh.vcxproj", "{0A1C85C1-5EA3-3121-90B4-8BB86AC24774}"
	ProjectSection(ProjectDependencies) = postProject
		{E1354DC7-A40A-377C-893B-6591FC0A73FD} = {E1354DC7-A40A-377C-893B-6591FC0A73FD}
	EndProjectSection
EndProject
Global
	GlobalSection(SolutionConfigurationPlatforms) = preSolution
		Debug|Win32 = Debug|Win32
		Release|Win32 = Release|Win32
		MinSizeRel|Win32 = MinSizeRel|Win32
		RelWithDebInfo|Win32 = RelWithDebInfo|Win32
	EndGlobalSection
	GlobalSection(ProjectConfigurationPlatforms) = postSolution
		{AC017879-4A24-3081-BB6D-058F01A61B2F}.Debug|Win32.ActiveCfg = Debug|Win32
		{AC017879-4A24-3081-BB6D-058F01A61B2F}.Debug|Win32.Build.0 = Debug|Win32
		{AC017879-4A24-3081-BB6D-058F01A61B2F}.Release|Win32.ActiveCfg = Release|Win32
		{AC017879-4A24-3081-BB6D-058F01A61B2F}.Release|Win32.Build.0 = Release|Win32
		{AC017879-4A24-3081-BB6D-058F01A61B2F}.MinSizeRel|Win32.ActiveCfg = MinSizeRel|Win32
		{AC017879-4A24-3081-BB6D-058F01A61B2F}.MinSizeRel|Win32.Build.0 = MinSizeRel|Win32
		{AC017879-4A24-3081-BB6D-058F01A61B2F}.RelWithDebInfo|Win32.ActiveCfg = RelWithDebInfo|Win32
		{AC017879-4A24-3081-BB6D-058F01A61B2F}.RelWithDebInfo|Win32.Build.0 = RelWithDebInfo|Win32
		{21993A37-E634-3C10-9C82-44AB47EB0BCF}.Debug|Win32.ActiveCfg = Debug|Win32
		{21993A37-E634-3C10-9C82-44AB47EB0BCF}.Release|Win32.ActiveCfg = Release|Win32
		{21993A37-E634-3C10-9C82-44AB47EB0BCF}.MinSizeRel|Win32.ActiveCfg = MinSizeRel|Win32
		{21993A37-E634-3C10-9C82-44AB47EB0BCF}.RelWithDebInfo|Win32.ActiveCfg = RelWithDebInfo|Win32
		{E1354DC7-A40A-377C-893B-6591FC0A73FD}.Debug|Win32.ActiveCfg = Debug|Win32
		{E1354DC7-A40A-377C-893B-6591FC0A73FD}.Debug|Win32.Build.0 = Debug|Win32
		{E1354DC7-A40A-377C-893B-6591FC0A73FD}.Release|Win32.ActiveCfg = Release|Win32
		{E1354DC7-A40A-377C-893B-6591FC0A73FD}.Release|Win32.Build.0 = Release|Win32
		{E1354DC7-A40A-377C-893B-6591FC0A73FD}.MinSizeRel|Win32.ActiveCfg = MinSizeRel|Win32
		{E1354DC7-A40A-377C-893B-6591FC0A73FD}.MinSizeRel|Win32.Build.0 = MinSizeRel|Win32
		{E1354DC7-A40A-377C-893B-6591FC0A73FD}.RelWithDebInfo|Win32.ActiveCfg = RelWithDebInfo|Win32
		{E1354DC7-A40A-377C-893B-6591FC0A73FD}.RelWithDebInfo|Win32.Build.0 = RelWithDebInfo|Win32
		{BFF3F54E-0103-34B6-83AD-4E1F8C096FC9}.Debug|Win32.ActiveCfg = Debug|Win32
		{BFF3F54E-0103-34B6-83AD-4E1F8C096FC9}.Debug|Win32.Build.0 = Debug|Win32
		{BFF3F54E-0103-34B6-83AD-4E1F8C096FC9}.Release|Win32.ActiveCfg = Release|Win32
		{BFF3F54E-0103-34B6-83AD-4E1F8C096FC9}.Release|Win32.Build.0 = Release|Win32
		{BFF3F54E-0103-34B6-83AD-4E1F8C096FC9}.MinSizeRel|Win32.ActiveCfg = MinSizeRel|Win32
		{BFF3F54E-0103-34B6-83AD-4E1F8C096FC9}.MinSizeRel|Win32.Build.0 = MinSizeRel|Win32
		{BFF3F54E-0103-34B6-83AD-4E1F8C096FC9}.RelWithDebInfo|Win32.ActiveCfg = RelWithDebInfo|Win32
		{BFF3F54E-0103-34B6-83AD-4E1F8C096FC9}.RelWithDebInfo|Win32.Build.0 = RelWithDebInfo|Win32
		{E7280773-13BE-30D5-9C6D-472AC07CB8CA}.Debug|Win32.ActiveCfg = Debug|Win32
		{E7280773-13BE-30D5-9C6D-472AC07CB8CA}.Debug|Win32.Build.0 = Debug|Win32
		{E7280773-13BE-30D5-9C6D-472AC07CB8CA}.Release|Win32.ActiveCfg = Release|Win32
		{E7280773-13BE-30D5-9C6D-472AC07CB8CA}.Release|Win32.Build.0 = Release|Win32
		{E7280773-13BE-30D5-9C6D-472AC07CB8CA}.MinSizeRel|Win32.ActiveCfg = MinSizeRel|Win32
		{E7280773-13BE-30D5-9C6D-472AC07CB8CA}.MinSizeRel|Win32.Build.0 = MinSizeRel|Win32
		{E7280773-13BE-30D5-9C6D-472AC07CB8CA}.RelWithDebInfo|Win32.ActiveCfg = RelWithDebInfo|Win32
		{E7280773-13BE-30D5-9C6D-472AC07CB8CA}.RelWithDebInfo|Win32.Build.0 = RelWithDebInfo|Win32
		{F44FCD4A-E7BF-34A1-B49D-F079F69721C4}.Debug|Win32.ActiveCfg = Debug|Win32
		{F44FCD4A-E7BF-34A1-B49D-F079F69721C4}.Debug|Win32.Build.0 = Debug|Win32
		{F44FCD4A-E7BF-34A1-B49D-F079F69721C4}.Release|Win32.ActiveCfg = Release|Win32
		{F44FCD4A-E7BF-34A1-B49D-F079F69721C4}.Release|Win32.Build.0 = Release|Win32
		{F44FCD4A-E7BF-34A1-B49D-F079F69721C4}.MinSizeRel|Win32.ActiveCfg = MinSizeRel|Win32
		{F44FCD4A-E7BF-34A1-B49D-F079F69721C4}.MinSizeRel|Win32.Build.0 = MinSizeRel|Win32
		{F44FCD4A-E7BF-34A1-B49D-F079F69721C4}.RelWithDebInfo|Win32.ActiveCfg = RelWithDebInfo|Win32
		{F44FCD4A-E7BF-34A1-B49D-F079F69721C4}.RelWithDebInfo|Win32.Build.0 = RelWithDebInfo|Win32
		{99FA6D5F-0718-3494-94F6-B2A30B899EC5}.Debug|Win32.ActiveCfg = Debug|Win32
		{99FA6D5F-0718-3494-94F6-B2A30B899EC5}.Debug|Win32.Build.0 = Debug|Win32
		{99FA6D5F-0718-3494-94F6-B2A30B899EC5}.Release|Win32.ActiveCfg = Release|Win32
		{99FA6D5F-0718-3494-94F6-B2A30B899EC5}.Release|Win32.Build.0 = Release|Win32
		{99FA6D5F-0718-3494-94F6-B2A30B899EC5}.MinSizeRel|Win32.ActiveCfg = MinSizeRel|Win32
		{99FA6D5F-0718-3494-94F6-B2A30B899EC5}.MinSizeRel|Win32.Build.0 = MinSizeRel|Win32
		{99FA6D5F-0718-3494-94F6-B2A30B899EC5}.RelWithDebInfo|Win32.ActiveCfg = RelWithDebInfo|Win32
		{99FA6D5F-0718-3494-94F6-B2A30B899EC5}.RelWithDebInfo|Win32.Build.0 = RelWithDebInfo|Win32
		{0A1C85C1-5EA3-3121-90B4-8BB86AC24774}.Debug|Win32.ActiveCfg = Debug|Win32
		{0A1C85C1-5EA3-3121-90B4-8BB86AC24774}.Debug|Win32.Build.0 = Debug|Win32
		{0A1C85C1-5EA3-3121-90B4-8BB86AC24774}.Release|Win32.ActiveCfg = Release|Win32
		{0A1C85C1-5EA3-3121-90B4-8BB86AC24774}.Release|Win32.Build.0 = Release|Win32
		{0A1C85C1-5EA3-3121-90B4-8BB86AC24774}.MinSizeRel|Win32.ActiveCfg = MinSizeRel|Win32
		{0A1C85C1-5EA3-3121-90B4-8BB86AC24774}.MinSizeRel|Win32.Build.0 = MinSizeRel|Win32
		{0A1C85C1-5EA3-3121-90B4-8BB86AC24774}.RelWithDebInfo|Win32.ActiveCfg = RelWithDebInfo|Win32
		{0A1C85C1-5EA3-3121-90B4-8BB86AC24774}.RelWithDebInfo|Win32.Build.0 = RelWithDebInfo|Win32
	EndGlobalSection
	GlobalSection(ExtensibilityGlobals) = postSolution
		SolutionGuid = {9B9C43F5-B104-3AE1-A6F1-3B78BCD49DCF}
	EndGlobalSection
	GlobalSection(ExtensibilityAddIns) = postSolution
	EndGlobalSection
EndGlobal
