<?xml version="1.0" encoding="utf-8"?>
<Project ToolsVersion="15.0" xmlns="http://schemas.microsoft.com/developer/msbuild/2003">
  <ItemGroup>
    <CustomBuild Include="C:\Users\Aaron\Desktop\Nanobiology\MSc\MEP\forecast-indelphi-exploratory-analysis\FORECasT\FORECasT_data\indel_analysis\indelmap\CMakeFiles\910f0675ee27d33d67020793cd9b42fd\INSTALL_force.rule">
      <Filter>CMake Rules</Filter>
    </CustomBuild>
  </ItemGroup>
  <ItemGroup>
    <Filter Include="CMake Rules">
      <UniqueIdentifier>{10D4336C-D1BA-3D80-84D7-C748C9E340C0}</UniqueIdentifier>
    </Filter>
  </ItemGroup>
</Project>
